Microsoft Visual Studio Solution File, Format Version 12.00
# Visual Studio Version 17
VisualStudioVersion = 17.14.35821.62
MinimumVisualStudioVersion = 10.0.40219.1
Project("{FAE04EC0-301F-11D3-BF4B-00C04F79EFBC}") = "XFEExtension.NetCore.WinUIHelper", "XFEExtension.NetCore.WinUIHelper\XFEExtension.NetCore.WinUIHelper.csproj", "{AB7464D4-D50E-4206-A54A-52D1984DBD75}"
EndProject
Global
	GlobalSection(SolutionConfigurationPlatforms) = preSolution
		Debug|Any CPU = Debug|Any CPU
		Release|Any CPU = Release|Any CPU
	EndGlobalSection
	GlobalSection(ProjectConfigurationPlatforms) = postSolution
		{AB7464D4-D50E-4206-A54A-52D1984DBD75}.Debug|Any CPU.ActiveCfg = Debug|Any CPU
		{AB7464D4-D50E-4206-A54A-52D1984DBD75}.Debug|Any CPU.Build.0 = Debug|Any CPU
		{AB7464D4-D50E-4206-A54A-52D1984DBD75}.Release|Any CPU.ActiveCfg = Release|Any CPU
		{AB7464D4-D50E-4206-A54A-52D1984DBD75}.Release|Any CPU.Build.0 = Release|Any CPU
	EndGlobalSection
	GlobalSection(SolutionProperties) = preSolution
		HideSolutionNode = FALSE
	EndGlobalSection
	GlobalSection(ExtensibilityGlobals) = postSolution
		SolutionGuid = {CD5E6D77-A92D-4747-8574-FE0683DECB30}
	EndGlobalSection
EndGlobal
